
Microsoft Visual Studio Solution File, Format Version 12.00
# Visual Studio Version 17
VisualStudioVersion = 17.2.32516.85
MinimumVisualStudioVersion = 10.0.40219.1
Project("{FAE04EC0-301F-11D3-BF4B-00C04F79EFBC}") = "Virtualdars.DesignPatterns.Decorator", "Virtualdars.DesignPatterns.Decorator.csproj", "{A73C6D5C-9A42-4B0B-869B-0A86CF879793}"
EndProject
Global
	GlobalSection(SolutionConfigurationPlatforms) = preSolution
		Debug|Any CPU = Debug|Any CPU
		Release|Any CPU = Release|Any CPU
	EndGlobalSection
	GlobalSection(ProjectConfigurationPlatforms) = postSolution
		{A73C6D5C-9A42-4B0B-869B-0A86CF879793}.Debug|Any CPU.ActiveCfg = Debug|Any CPU
		{A73C6D5C-9A42-4B0B-869B-0A86CF879793}.Debug|Any CPU.Build.0 = Debug|Any CPU
		{A73C6D5C-9A42-4B0B-869B-0A86CF879793}.Release|Any CPU.ActiveCfg = Release|Any CPU
		{A73C6D5C-9A42-4B0B-869B-0A86CF879793}.Release|Any CPU.Build.0 = Release|Any CPU
	EndGlobalSection
	GlobalSection(SolutionProperties) = preSolution
		HideSolutionNode = FALSE
	EndGlobalSection
	GlobalSection(ExtensibilityGlobals) = postSolution
		SolutionGuid = {101671C0-7A7B-4064-8712-3F836C2F956B}
	EndGlobalSection
EndGlobal
